
Microsoft Visual Studio Solution File, Format Version 12.00
# Visual Studio Version 17
VisualStudioVersion = 17.5.33627.172
MinimumVisualStudioVersion = 10.0.40219.1
Project("{FAE04EC0-301F-11D3-BF4B-00C04F79EFBC}") = "S13_Laboratorio_ConsolaNET", "S13_Laboratorio_ConsolaNET.csproj", "{B97E2160-8A2C-4CF1-96EE-B864075A02D1}"
EndProject
Global
	GlobalSection(SolutionConfigurationPlatforms) = preSolution
		Debug|Any CPU = Debug|Any CPU
		Release|Any CPU = Release|Any CPU
	EndGlobalSection
	GlobalSection(ProjectConfigurationPlatforms) = postSolution
		{B97E2160-8A2C-4CF1-96EE-B864075A02D1}.Debug|Any CPU.ActiveCfg = Debug|Any CPU
		{B97E2160-8A2C-4CF1-96EE-B864075A02D1}.Debug|Any CPU.Build.0 = Debug|Any CPU
		{B97E2160-8A2C-4CF1-96EE-B864075A02D1}.Release|Any CPU.ActiveCfg = Release|Any CPU
		{B97E2160-8A2C-4CF1-96EE-B864075A02D1}.Release|Any CPU.Build.0 = Release|Any CPU
	EndGlobalSection
	GlobalSection(SolutionProperties) = preSolution
		HideSolutionNode = FALSE
	EndGlobalSection
	GlobalSection(ExtensibilityGlobals) = postSolution
		SolutionGuid = {1A2C6E2C-4000-492C-8601-553BD09FB17E}
	EndGlobalSection
EndGlobal
